// !$*UTF8*$!
{
	archiveVersion = 1;
	classes = {
	};
	objectVersion = 77;
	objects = {

/* Begin PBXBuildFile section */
		F97ACF702D8062A600D63842 /* Kingfisher in Frameworks */ = {isa = PBXBuildFile; productRef = F97ACF6F2D8062A600D63842 /* Kingfisher */; };
		F98756D82D80DCA20034AB66 /* README.md in Resources */ = {isa = PBXBuildFile; fileRef = F98756D72D80DC9B0034AB66 /* README.md */; };
/* End PBXBuildFile section */

/* Begin PBXContainerItemProxy section */
		F97ACF1C2D80486D00D63842 /* PBXContainerItemProxy */ = {
			isa = PBXContainerItemProxy;
			containerPortal = F97ACEFD2D80486C00D63842 /* Project object */;
			proxyType = 1;
			remoteGlobalIDString = F97ACF042D80486C00D63842;
			remoteInfo = ios_akakce_cs;
		};
		F97ACF262D80486D00D63842 /* PBXContainerItemProxy */ = {
			isa = PBXContainerItemProxy;
			containerPortal = F97ACEFD2D80486C00D63842 /* Project object */;
			proxyType = 1;
			remoteGlobalIDString = F97ACF042D80486C00D63842;
			remoteInfo = ios_akakce_cs;
		};
/* End PBXContainerItemProxy section */

/* Begin PBXFileReference section */
		F97ACF052D80486C00D63842 /* ios_akakce_cs.app */ = {isa = PBXFileReference; explicitFileType = wrapper.application; includeInIndex = 0; path = ios_akakce_cs.app; sourceTree = BUILT_PRODUCTS_DIR; };
		F97ACF1B2D80486D00D63842 /* ios_akakce_csTests.xctest */ = {isa = PBXFileReference; explicitFileType = wrapper.cfbundle; includeInIndex = 0; path = ios_akakce_csTests.xctest; sourceTree = BUILT_PRODUCTS_DIR; };
		F97ACF252D80486D00D63842 /* ios_akakce_csUITests.xctest */ = {isa = PBXFileReference; explicitFileType = wrapper.cfbundle; includeInIndex = 0; path = ios_akakce_csUITests.xctest; sourceTree = BUILT_PRODUCTS_DIR; };
		F98756D72D80DC9B0034AB66 /* README.md */ = {isa = PBXFileReference; lastKnownFileType = net.daringfireball.markdown; path = README.md; sourceTree = "<group>"; };
/* End PBXFileReference section */

/* Begin PBXFileSystemSynchronizedBuildFileExceptionSet section */
		F97ACF2D2D80486D00D63842 /* Exceptions for "ios_akakce_cs" folder in "ios_akakce_cs" target */ = {
			isa = PBXFileSystemSynchronizedBuildFileExceptionSet;
			membershipExceptions = (
				Info.plist,
			);
			target = F97ACF042D80486C00D63842 /* ios_akakce_cs */;
		};
/* End PBXFileSystemSynchronizedBuildFileExceptionSet section */

/* Begin PBXFileSystemSynchronizedRootGroup section */
		F97ACF072D80486C00D63842 /* ios_akakce_cs */ = {
			isa = PBXFileSystemSynchronizedRootGroup;
			exceptions = (
				F97ACF2D2D80486D00D63842 /* Exceptions for "ios_akakce_cs" folder in "ios_akakce_cs" target */,
			);
			path = ios_akakce_cs;
			sourceTree = "<group>";
		};
		F97ACF1E2D80486D00D63842 /* ios_akakce_csTests */ = {
			isa = PBXFileSystemSynchronizedRootGroup;
			path = ios_akakce_csTests;
			sourceTree = "<group>";
		};
		F97ACF282D80486D00D63842 /* ios_akakce_csUITests */ = {
			isa = PBXFileSystemSynchronizedRootGroup;
			path = ios_akakce_csUITests;
			sourceTree = "<group>";
		};
/* End PBXFileSystemSynchronizedRootGroup section */

/* Begin PBXFrameworksBuildPhase section */
		F97ACF022D80486C00D63842 /* Frameworks */ = {
			isa = PBXFrameworksBuildPhase;
			buildActionMask = 2147483647;
			files = (
				F97ACF702D8062A600D63842 /* Kingfisher in Frameworks */,
			);
			runOnlyForDeploymentPostprocessing = 0;
		};
		F97ACF182D80486D00D63842 /* Frameworks */ = {
			isa = PBXFrameworksBuildPhase;
			buildActionMask = 2147483647;
			files = (
			);
			runOnlyForDeploymentPostprocessing = 0;
		};
		F97ACF222D80486D00D63842 /* Frameworks */ = {
			isa = PBXFrameworksBuildPhase;
			buildActionMask = 2147483647;
			files = (
			);
			runOnlyForDeploymentPostprocessing = 0;
		};
/* End PBXFrameworksBuildPhase section */

/* Begin PBXGroup section */
		F97ACEFC2D80486C00D63842 = {
			isa = PBXGroup;
			children = (
				F98756D72D80DC9B0034AB66 /* README.md */,
				F97ACF072D80486C00D63842 /* ios_akakce_cs */,
				F97ACF1E2D80486D00D63842 /* ios_akakce_csTests */,
				F97ACF282D80486D00D63842 /* ios_akakce_csUITests */,
				F97ACF062D80486C00D63842 /* Products */,
			);
			sourceTree = "<group>";
		};
		F97ACF062D80486C00D63842 /* Products */ = {
			isa = PBXGroup;
			children = (
				F97ACF052D80486C00D63842 /* ios_akakce_cs.app */,
				F97ACF1B2D80486D00D63842 /* ios_akakce_csTests.xctest */,
				F97ACF252D80486D00D63842 /* ios_akakce_csUITests.xctest */,
			);
			name = Products;
			sourceTree = "<group>";
		};
/* End PBXGroup section */

/* Begin PBXNativeTarget section */
		F97ACF042D80486C00D63842 /* ios_akakce_cs */ = {
			isa = PBXNativeTarget;
			buildConfigurationList = F97ACF2E2D80486D00D63842 /* Build configuration list for PBXNativeTarget "ios_akakce_cs" */;
			buildPhases = (
				F97ACF012D80486C00D63842 /* Sources */,
				F97ACF022D80486C00D63842 /* Frameworks */,
				F97ACF032D80486C00D63842 /* Resources */,
			);
			buildRules = (
			);
			dependencies = (
			);
			fileSystemSynchronizedGroups = (
				F97ACF072D80486C00D63842 /* ios_akakce_cs */,
			);
			name = ios_akakce_cs;
			packageProductDependencies = (
				F97ACF6F2D8062A600D63842 /* Kingfisher */,
			);
			productName = ios_akakce_cs;
			productReference = F97ACF052D80486C00D63842 /* ios_akakce_cs.app */;
			productType = "com.apple.product-type.application";
		};
		F97ACF1A2D80486D00D63842 /* ios_akakce_csTests */ = {
			isa = PBXNativeTarget;
			buildConfigurationList = F97ACF332D80486D00D63842 /* Build configuration list for PBXNativeTarget "ios_akakce_csTests" */;
			buildPhases = (
				F97ACF172D80486D00D63842 /* Sources */,
				F97ACF182D80486D00D63842 /* Frameworks */,
				F97ACF192D80486D00D63842 /* Resources */,
			);
			buildRules = (
			);
			dependencies = (
				F97ACF1D2D80486D00D63842 /* PBXTargetDependency */,
			);
			fileSystemSynchronizedGroups = (
				F97ACF1E2D80486D00D63842 /* ios_akakce_csTests */,
			);
			name = ios_akakce_csTests;
			packageProductDependencies = (
			);
			productName = ios_akakce_csTests;
			productReference = F97ACF1B2D80486D00D63842 /* ios_akakce_csTests.xctest */;
			productType = "com.apple.product-type.bundle.unit-test";
		};
		F97ACF242D80486D00D63842 /* ios_akakce_csUITests */ = {
			isa = PBXNativeTarget;
			buildConfigurationList = F97ACF362D80486D00D63842 /* Build configuration list for PBXNativeTarget "ios_akakce_csUITests" */;
			buildPhases = (
				F97ACF212D80486D00D63842 /* Sources */,
				F97ACF222D80486D00D63842 /* Frameworks */,
				F97ACF232D80486D00D63842 /* Resources */,
			);
			buildRules = (
			);
			dependencies = (
				F97ACF272D80486D00D63842 /* PBXTargetDependency */,
			);
			fileSystemSynchronizedGroups = (
				F97ACF282D80486D00D63842 /* ios_akakce_csUITests */,
			);
			name = ios_akakce_csUITests;
			packageProductDependencies = (
			);
			productName = ios_akakce_csUITests;
			productReference = F97ACF252D80486D00D63842 /* ios_akakce_csUITests.xctest */;
			productType = "com.apple.product-type.bundle.ui-testing";
		};
/* End PBXNativeTarget section */

/* Begin PBXProject section */
		F97ACEFD2D80486C00D63842 /* Project object */ = {
			isa = PBXProject;
			attributes = {
				BuildIndependentTargetsInParallel = 1;
				LastSwiftUpdateCheck = 1620;
				LastUpgradeCheck = 1620;
				TargetAttributes = {
					F97ACF042D80486C00D63842 = {
						CreatedOnToolsVersion = 16.2;
					};
					F97ACF1A2D80486D00D63842 = {
						CreatedOnToolsVersion = 16.2;
						TestTargetID = F97ACF042D80486C00D63842;
					};
					F97ACF242D80486D00D63842 = {
						CreatedOnToolsVersion = 16.2;
						TestTargetID = F97ACF042D80486C00D63842;
					};
				};
			};
			buildConfigurationList = F97ACF002D80486C00D63842 /* Build configuration list for PBXProject "ios_akakce_cs" */;
			developmentRegion = en;
			hasScannedForEncodings = 0;
			knownRegions = (
				en,
				Base,
			);
			mainGroup = F97ACEFC2D80486C00D63842;
			minimizedProjectReferenceProxies = 1;
			packageReferences = (
				F97ACF6E2D8062A600D63842 /* XCRemoteSwiftPackageReference "Kingfisher" */,
			);
			preferredProjectObjectVersion = 77;
			productRefGroup = F97ACF062D80486C00D63842 /* Products */;
			projectDirPath = "";
			projectRoot = "";
			targets = (
				F97ACF042D80486C00D63842 /* ios_akakce_cs */,
				F97ACF1A2D80486D00D63842 /* ios_akakce_csTests */,
				F97ACF242D80486D00D63842 /* ios_akakce_csUITests */,
			);
		};
/* End PBXProject section */

/* Begin PBXResourcesBuildPhase section */
		F97ACF032D80486C00D63842 /* Resources */ = {
			isa = PBXResourcesBuildPhase;
			buildActionMask = 2147483647;
			files = (
				F98756D82D80DCA20034AB66 /* README.md in Resources */,
			);
			runOnlyForDeploymentPostprocessing = 0;
		};
		F97ACF192D80486D00D63842 /* Resources */ = {
			isa = PBXResourcesBuildPhase;
			buildActionMask = 2147483647;
			files = (
			);
			runOnlyForDeploymentPostprocessing = 0;
		};
		F97ACF232D80486D00D63842 /* Resources */ = {
			isa = PBXResourcesBuildPhase;
			buildActionMask = 2147483647;
			files = (
			);
			runOnlyForDeploymentPostprocessing = 0;
		};
/* End PBXResourcesBuildPhase section */

/* Begin PBXSourcesBuildPhase section */
		F97ACF012D80486C00D63842 /* Sources */ = {
			isa = PBXSourcesBuildPhase;
			buildActionMask = 2147483647;
			files = (
			);
			runOnlyForDeploymentPostprocessing = 0;
		};
		F97ACF172D80486D00D63842 /* Sources */ = {
			isa = PBXSourcesBuildPhase;
			buildActionMask = 2147483647;
			files = (
			);
			runOnlyForDeploymentPostprocessing = 0;
		};
		F97ACF212D80486D00D63842 /* Sources */ = {
			isa = PBXSourcesBuildPhase;
			buildActionMask = 2147483647;
			files = (
			);
			runOnlyForDeploymentPostprocessing = 0;
		};
/* End PBXSourcesBuildPhase section */

/* Begin PBXTargetDependency section */
		F97ACF1D2D80486D00D63842 /* PBXTargetDependency */ = {
			isa = PBXTargetDependency;
			target = F97ACF042D80486C00D63842 /* ios_akakce_cs */;
			targetProxy = F97ACF1C2D80486D00D63842 /* PBXContainerItemProxy */;
		};
		F97ACF272D80486D00D63842 /* PBXTargetDependency */ = {
			isa = PBXTargetDependency;
			target = F97ACF042D80486C00D63842 /* ios_akakce_cs */;
			targetProxy = F97ACF262D80486D00D63842 /* PBXContainerItemProxy */;
		};
/* End PBXTargetDependency section */

/* Begin XCBuildConfiguration section */
		F97ACF2F2D80486D00D63842 /* Debug */ = {
			isa = XCBuildConfiguration;
			buildSettings = {
				ASSETCATALOG_COMPILER_APPICON_NAME = AppIcon;
				ASSETCATALOG_COMPILER_GLOBAL_ACCENT_COLOR_NAME = AccentColor;
				CODE_SIGN_STYLE = Automatic;
				CURRENT_PROJECT_VERSION = 1;
				DEVELOPMENT_TEAM = 34KSDVD249;
				GENERATE_INFOPLIST_FILE = YES;
				INFOPLIST_FILE = ios_akakce_cs/Info.plist;
				INFOPLIST_KEY_UIApplicationSupportsIndirectInputEvents = YES;
				INFOPLIST_KEY_UILaunchStoryboardName = LaunchScreen;
				INFOPLIST_KEY_UISupportedInterfaceOrientations = "UIInterfaceOrientationLandscapeLeft UIInterfaceOrientationLandscapeRight UIInterfaceOrientationPortrait";
				LD_RUNPATH_SEARCH_PATHS = (
					"$(inherited)",
					"@executable_path/Frameworks",
				);
				MARKETING_VERSION = 1.0;
				PRODUCT_BUNDLE_IDENTIFIER = "com.ihsanakbay.ios-akakce-cs";
				PRODUCT_NAME = "$(TARGET_NAME)";
				SUPPORTED_PLATFORMS = "iphoneos iphonesimulator";
				SUPPORTS_MACCATALYST = NO;
				SUPPORTS_MAC_DESIGNED_FOR_IPHONE_IPAD = NO;
				SUPPORTS_XR_DESIGNED_FOR_IPHONE_IPAD = NO;
				SWIFT_EMIT_LOC_STRINGS = YES;
				SWIFT_VERSION = 5.0;
				TARGETED_DEVICE_FAMILY = 1;
			};
			name = Debug;
		};
		F97ACF302D80486D00D63842 /* Release */ = {
			isa = XCBuildConfiguration;
			buildSettings = {
				ASSETCATALOG_COMPILER_APPICON_NAME = AppIcon;
				ASSETCATALOG_COMPILER_GLOBAL_ACCENT_COLOR_NAME = AccentColor;
				CODE_SIGN_STYLE = Automatic;
				CURRENT_PROJECT_VERSION = 1;
				DEVELOPMENT_TEAM = 34KSDVD249;
				GENERATE_INFOPLIST_FILE = YES;
				INFOPLIST_FILE = ios_akakce_cs/Info.plist;
				INFOPLIST_KEY_UIApplicationSupportsIndirectInputEvents = YES;
				INFOPLIST_KEY_UILaunchStoryboardName = LaunchScreen;
				INFOPLIST_KEY_UISupportedInterfaceOrientations = "UIInterfaceOrientationLandscapeLeft UIInterfaceOrientationLandscapeRight UIInterfaceOrientationPortrait";
				LD_RUNPATH_SEARCH_PATHS = (
					"$(inherited)",
					"@executable_path/Frameworks",
				);
				MARKETING_VERSION = 1.0;
				PRODUCT_BUNDLE_IDENTIFIER = "com.ihsanakbay.ios-akakce-cs";
				PRODUCT_NAME = "$(TARGET_NAME)";
				SUPPORTED_PLATFORMS = "iphoneos iphonesimulator";
				SUPPORTS_MACCATALYST = NO;
				SUPPORTS_MAC_DESIGNED_FOR_IPHONE_IPAD = NO;
				SUPPORTS_XR_DESIGNED_FOR_IPHONE_IPAD = NO;
				SWIFT_EMIT_LOC_STRINGS = YES;
				SWIFT_VERSION = 5.0;
				TARGETED_DEVICE_FAMILY = 1;
			};
			name = Release;
		};
		F97ACF312D80486D00D63842 /* Debug */ = {
			isa = XCBuildConfiguration;
			buildSettings = {
				ALWAYS_SEARCH_USER_PATHS = NO;
				ASSETCATALOG_COMPILER_GENERATE_SWIFT_ASSET_SYMBOL_EXTENSIONS = YES;
				CLANG_ANALYZER_NONNULL = YES;
				CLANG_ANALYZER_NUMBER_OBJECT_CONVERSION = YES_AGGRESSIVE;
				CLANG_CXX_LANGUAGE_STANDARD = "gnu++20";
				CLANG_ENABLE_MODULES = YES;
				CLANG_ENABLE_OBJC_ARC = YES;
				CLANG_ENABLE_OBJC_WEAK = YES;
				CLANG_WARN_BLOCK_CAPTURE_AUTORELEASING = YES;
				CLANG_WARN_BOOL_CONVERSION = YES;
				CLANG_WARN_COMMA = YES;
				CLANG_WARN_CONSTANT_CONVERSION = YES;
				CLANG_WARN_DEPRECATED_OBJC_IMPLEMENTATIONS = YES;
				CLANG_WARN_DIRECT_OBJC_ISA_USAGE = YES_ERROR;
				CLANG_WARN_DOCUMENTATION_COMMENTS = YES;
				CLANG_WARN_EMPTY_BODY = YES;
				CLANG_WARN_ENUM_CONVERSION = YES;
				CLANG_WARN_INFINITE_RECURSION = YES;
				CLANG_WARN_INT_CONVERSION = YES;
				CLANG_WARN_NON_LITERAL_NULL_CONVERSION = YES;
				CLANG_WARN_OBJC_IMPLICIT_RETAIN_SELF = YES;
				CLANG_WARN_OBJC_LITERAL_CONVERSION = YES;
				CLANG_WARN_OBJC_ROOT_CLASS = YES_ERROR;
				CLANG_WARN_QUOTED_INCLUDE_IN_FRAMEWORK_HEADER = YES;
				CLANG_WARN_RANGE_LOOP_ANALYSIS = YES;
				CLANG_WARN_STRICT_PROTOTYPES = YES;
				CLANG_WARN_SUSPICIOUS_MOVE = YES;
				CLANG_WARN_UNGUARDED_AVAILABILITY = YES_AGGRESSIVE;
				CLANG_WARN_UNREACHABLE_CODE = YES;
				CLANG_WARN__DUPLICATE_METHOD_MATCH = YES;
				COPY_PHASE_STRIP = NO;
				DEBUG_INFORMATION_FORMAT = dwarf;
				ENABLE_STRICT_OBJC_MSGSEND = YES;
				ENABLE_TESTABILITY = YES;
				ENABLE_USER_SCRIPT_SANDBOXING = YES;
				GCC_C_LANGUAGE_STANDARD = gnu17;
				GCC_DYNAMIC_NO_PIC = NO;
				GCC_NO_COMMON_BLOCKS = YES;
				GCC_OPTIMIZATION_LEVEL = 0;
				GCC_PREPROCESSOR_DEFINITIONS = (
					"DEBUG=1",
					"$(inherited)",
				);
				GCC_WARN_64_TO_32_BIT_CONVERSION = YES;
				GCC_WARN_ABOUT_RETURN_TYPE = YES_ERROR;
				GCC_WARN_UNDECLARED_SELECTOR = YES;
				GCC_WARN_UNINITIALIZED_AUTOS = YES_AGGRESSIVE;
				GCC_WARN_UNUSED_FUNCTION = YES;
				GCC_WARN_UNUSED_VARIABLE = YES;
				IPHONEOS_DEPLOYMENT_TARGET = 18.2;
				LOCALIZATION_PREFERS_STRING_CATALOGS = YES;
				MTL_ENABLE_DEBUG_INFO = INCLUDE_SOURCE;
				MTL_FAST_MATH = YES;
				ONLY_ACTIVE_ARCH = YES;
				SDKROOT = iphoneos;
				SWIFT_ACTIVE_COMPILATION_CONDITIONS = "DEBUG $(inherited)";
				SWIFT_OPTIMIZATION_LEVEL = "-Onone";
			};
			name = Debug;
		};
		F97ACF322D80486D00D63842 /* Release */ = {
			isa = XCBuildConfiguration;
			buildSettings = {
				ALWAYS_SEARCH_USER_PATHS = NO;
				ASSETCATALOG_COMPILER_GENERATE_SWIFT_ASSET_SYMBOL_EXTENSIONS = YES;
				CLANG_ANALYZER_NONNULL = YES;
				CLANG_ANALYZER_NUMBER_OBJECT_CONVERSION = YES_AGGRESSIVE;
				CLANG_CXX_LANGUAGE_STANDARD = "gnu++20";
				CLANG_ENABLE_MODULES = YES;
				CLANG_ENABLE_OBJC_ARC = YES;
				CLANG_ENABLE_OBJC_WEAK = YES;
				CLANG_WARN_BLOCK_CAPTURE_AUTORELEASING = YES;
				CLANG_WARN_BOOL_CONVERSION = YES;
				CLANG_WARN_COMMA = YES;
				CLANG_WARN_CONSTANT_CONVERSION = YES;
				CLANG_WARN_DEPRECATED_OBJC_IMPLEMENTATIONS = YES;
				CLANG_WARN_DIRECT_OBJC_ISA_USAGE = YES_ERROR;
				CLANG_WARN_DOCUMENTATION_COMMENTS = YES;
				CLANG_WARN_EMPTY_BODY = YES;
				CLANG_WARN_ENUM_CONVERSION = YES;
				CLANG_WARN_INFINITE_RECURSION = YES;
				CLANG_WARN_INT_CONVERSION = YES;
				CLANG_WARN_NON_LITERAL_NULL_CONVERSION = YES;
				CLANG_WARN_OBJC_IMPLICIT_RETAIN_SELF = YES;
				CLANG_WARN_OBJC_LITERAL_CONVERSION = YES;
				CLANG_WARN_OBJC_ROOT_CLASS = YES_ERROR;
				CLANG_WARN_QUOTED_INCLUDE_IN_FRAMEWORK_HEADER = YES;
				CLANG_WARN_RANGE_LOOP_ANALYSIS = YES;
				CLANG_WARN_STRICT_PROTOTYPES = YES;
				CLANG_WARN_SUSPICIOUS_MOVE = YES;
				CLANG_WARN_UNGUARDED_AVAILABILITY = YES_AGGRESSIVE;
				CLANG_WARN_UNREACHABLE_CODE = YES;
				CLANG_WARN__DUPLICATE_METHOD_MATCH = YES;
				COPY_PHASE_STRIP = NO;
				DEBUG_INFORMATION_FORMAT = "dwarf-with-dsym";
				ENABLE_NS_ASSERTIONS = NO;
				ENABLE_STRICT_OBJC_MSGSEND = YES;
				ENABLE_USER_SCRIPT_SANDBOXING = YES;
				GCC_C_LANGUAGE_STANDARD = gnu17;
				GCC_NO_COMMON_BLOCKS = YES;
				GCC_WARN_64_TO_32_BIT_CONVERSION = YES;
				GCC_WARN_ABOUT_RETURN_TYPE = YES_ERROR;
				GCC_WARN_UNDECLARED_SELECTOR = YES;
				GCC_WARN_UNINITIALIZED_AUTOS = YES_AGGRESSIVE;
				GCC_WARN_UNUSED_FUNCTION = YES;
				GCC_WARN_UNUSED_VARIABLE = YES;
				IPHONEOS_DEPLOYMENT_TARGET = 18.2;
				LOCALIZATION_PREFERS_STRING_CATALOGS = YES;
				MTL_ENABLE_DEBUG_INFO = NO;
				MTL_FAST_MATH = YES;
				SDKROOT = iphoneos;
				SWIFT_COMPILATION_MODE = wholemodule;
				VALIDATE_PRODUCT = YES;
			};
			name = Release;
		};
		F97ACF342D80486D00D63842 /* Debug */ = {
			isa = XCBuildConfiguration;
			buildSettings = {
				BUNDLE_LOADER = "$(TEST_HOST)";
				CODE_SIGN_STYLE = Automatic;
				CURRENT_PROJECT_VERSION = 1;
				DEVELOPMENT_TEAM = 34KSDVD249;
				GENERATE_INFOPLIST_FILE = YES;
				IPHONEOS_DEPLOYMENT_TARGET = 18.2;
				MARKETING_VERSION = 1.0;
				PRODUCT_BUNDLE_IDENTIFIER = "com.ihsanakbay.ios-akakce-csTests";
				PRODUCT_NAME = "$(TARGET_NAME)";
				SWIFT_EMIT_LOC_STRINGS = NO;
				SWIFT_VERSION = 5.0;
				TARGETED_DEVICE_FAMILY = "1,2";
				TEST_HOST = "$(BUILT_PRODUCTS_DIR)/ios_akakce_cs.app/$(BUNDLE_EXECUTABLE_FOLDER_PATH)/ios_akakce_cs";
			};
			name = Debug;
		};
		F97ACF352D80486D00D63842 /* Release */ = {
			isa = XCBuildConfiguration;
			buildSettings = {
				BUNDLE_LOADER = "$(TEST_HOST)";
				CODE_SIGN_STYLE = Automatic;
				CURRENT_PROJECT_VERSION = 1;
				DEVELOPMENT_TEAM = 34KSDVD249;
				GENERATE_INFOPLIST_FILE = YES;
				IPHONEOS_DEPLOYMENT_TARGET = 18.2;
				MARKETING_VERSION = 1.0;
				PRODUCT_BUNDLE_IDENTIFIER = "com.ihsanakbay.ios-akakce-csTests";
				PRODUCT_NAME = "$(TARGET_NAME)";
				SWIFT_EMIT_LOC_STRINGS = NO;
				SWIFT_VERSION = 5.0;
				TARGETED_DEVICE_FAMILY = "1,2";
				TEST_HOST = "$(BUILT_PRODUCTS_DIR)/ios_akakce_cs.app/$(BUNDLE_EXECUTABLE_FOLDER_PATH)/ios_akakce_cs";
			};
			name = Release;
		};
		F97ACF372D80486D00D63842 /* Debug */ = {
			isa = XCBuildConfiguration;
			buildSettings = {
				CODE_SIGN_STYLE = Automatic;
				CURRENT_PROJECT_VERSION = 1;
				DEVELOPMENT_TEAM = 34KSDVD249;
				GENERATE_INFOPLIST_FILE = YES;
				MARKETING_VERSION = 1.0;
				PRODUCT_BUNDLE_IDENTIFIER = "com.ihsanakbay.ios-akakce-csUITests";
				PRODUCT_NAME = "$(TARGET_NAME)";
				SWIFT_EMIT_LOC_STRINGS = NO;
				SWIFT_VERSION = 5.0;
				TARGETED_DEVICE_FAMILY = "1,2";
				TEST_TARGET_NAME = ios_akakce_cs;
			};
			name = Debug;
		};
		F97ACF382D80486D00D63842 /* Release */ = {
			isa = XCBuildConfiguration;
			buildSettings = {
				CODE_SIGN_STYLE = Automatic;
				CURRENT_PROJECT_VERSION = 1;
				DEVELOPMENT_TEAM = 34KSDVD249;
				GENERATE_INFOPLIST_FILE = YES;
				MARKETING_VERSION = 1.0;
				PRODUCT_BUNDLE_IDENTIFIER = "com.ihsanakbay.ios-akakce-csUITests";
				PRODUCT_NAME = "$(TARGET_NAME)";
				SWIFT_EMIT_LOC_STRINGS = NO;
				SWIFT_VERSION = 5.0;
				TARGETED_DEVICE_FAMILY = "1,2";
				TEST_TARGET_NAME = ios_akakce_cs;
			};
			name = Release;
		};
/* End XCBuildConfiguration section */

/* Begin XCConfigurationList section */
		F97ACF002D80486C00D63842 /* Build configuration list for PBXProject "ios_akakce_cs" */ = {
			isa = XCConfigurationList;
			buildConfigurations = (
				F97ACF312D80486D00D63842 /* Debug */,
				F97ACF322D80486D00D63842 /* Release */,
			);
			defaultConfigurationIsVisible = 0;
			defaultConfigurationName = Release;
		};
		F97ACF2E2D80486D00D63842 /* Build configuration list for PBXNativeTarget "ios_akakce_cs" */ = {
			isa = XCConfigurationList;
			buildConfigurations = (
				F97ACF2F2D80486D00D63842 /* Debug */,
				F97ACF302D80486D00D63842 /* Release */,
			);
			defaultConfigurationIsVisible = 0;
			defaultConfigurationName = Release;
		};
		F97ACF332D80486D00D63842 /* Build configuration list for PBXNativeTarget "ios_akakce_csTests" */ = {
			isa = XCConfigurationList;
			buildConfigurations = (
				F97ACF342D80486D00D63842 /* Debug */,
				F97ACF352D80486D00D63842 /* Release */,
			);
			defaultConfigurationIsVisible = 0;
			defaultConfigurationName = Release;
		};
		F97ACF362D80486D00D63842 /* Build configuration list for PBXNativeTarget "ios_akakce_csUITests" */ = {
			isa = XCConfigurationList;
			buildConfigurations = (
				F97ACF372D80486D00D63842 /* Debug */,
				F97ACF382D80486D00D63842 /* Release */,
			);
			defaultConfigurationIsVisible = 0;
			defaultConfigurationName = Release;
		};
/* End XCConfigurationList section */

/* Begin XCRemoteSwiftPackageReference section */
		F97ACF6E2D8062A600D63842 /* XCRemoteSwiftPackageReference "Kingfisher" */ = {
			isa = XCRemoteSwiftPackageReference;
			repositoryURL = "https://github.com/onevcat/Kingfisher";
			requirement = {
				kind = upToNextMajorVersion;
				minimumVersion = 8.3.0;
			};
		};
/* End XCRemoteSwiftPackageReference section */

/* Begin XCSwiftPackageProductDependency section */
		F97ACF6F2D8062A600D63842 /* Kingfisher */ = {
			isa = XCSwiftPackageProductDependency;
			package = F97ACF6E2D8062A600D63842 /* XCRemoteSwiftPackageReference "Kingfisher" */;
			productName = Kingfisher;
		};
/* End XCSwiftPackageProductDependency section */
	};
	rootObject = F97ACEFD2D80486C00D63842 /* Project object */;
}
